PODS:
  - Alamofire (5.4.3)
  - AlamofireImage (4.2.0):
    - Alamofire (~> 5.4)
  - Kingfisher (6.3.0)

DEPENDENCIES:
  - AlamofireImage
  - Kingfisher

SPEC REPOS:
  trunk:
    - Alamofire
    - AlamofireImage
    - Kingfisher

SPEC CHECKSUMS:
  Alamofire: e447a2774a40c996748296fa2c55112fdbbc42f9
  AlamofireImage: 34a2d90b0e5fe6a5605f85ae4b7b01e784c60192
  Kingfisher: 6c3df386db71d82c0817a429d2c9421a77396529

PODFILE CHECKSUM: 6fbdb82c38c2cf9f0274e78e282c61ec4ad17a6a

COCOAPODS: 1.10.1
