// !$*UTF8*$!
{
	archiveVersion = 1;
	classes = {
	};
	objectVersion = 51;
	objects = {

/* Begin PBXBuildFile section */
		88C4F8E734C4AF5AAEA31D8A /* Pods_MVP_PhotoSearch.framework in Frameworks */ = {isa = PBXBuildFile; fileRef = AB1619C33488D1B08DBBE642 /* Pods_MVP_PhotoSearch.framework */; };
		8F39A5D42681A1420083C186 /* AppDelegate.swift in Sources */ = {isa = PBXBuildFile; fileRef = 8F39A5D32681A1420083C186 /* AppDelegate.swift */; };
		8F39A5DD2681A1440083C186 /* Assets.xcassets in Resources */ = {isa = PBXBuildFile; fileRef = 8F39A5DC2681A1440083C186 /* Assets.xcassets */; };
		8F39A5E02681A1440083C186 /* LaunchScreen.storyboard in Resources */ = {isa = PBXBuildFile; fileRef = 8F39A5DE2681A1440083C186 /* LaunchScreen.storyboard */; };
		8F39A5E82681A2C80083C186 /* SearchPhotoViewController.swift in Sources */ = {isa = PBXBuildFile; fileRef = 8F39A5E72681A2C80083C186 /* SearchPhotoViewController.swift */; };
		8F39A5EA2681A2DC0083C186 /* SearchPhoto.storyboard in Resources */ = {isa = PBXBuildFile; fileRef = 8F39A5E92681A2DC0083C186 /* SearchPhoto.storyboard */; };
		8F39A5F02681B34D0083C186 /* PhotoCollectionViewCell.swift in Sources */ = {isa = PBXBuildFile; fileRef = 8F39A5EE2681B34D0083C186 /* PhotoCollectionViewCell.swift */; };
		8F39A5F12681B34D0083C186 /* PhotoCollectionViewCell.xib in Resources */ = {isa = PBXBuildFile; fileRef = 8F39A5EF2681B34D0083C186 /* PhotoCollectionViewCell.xib */; };
		8F39A5F426823E7D0083C186 /* PhotoModel.swift in Sources */ = {isa = PBXBuildFile; fileRef = 8F39A5F326823E7D0083C186 /* PhotoModel.swift */; };
		8F39A5F6268242C40083C186 /* Router.swift in Sources */ = {isa = PBXBuildFile; fileRef = 8F39A5F5268242C40083C186 /* Router.swift */; };
		8F39A5F8268250520083C186 /* PhotoAPI.swift in Sources */ = {isa = PBXBuildFile; fileRef = 8F39A5F7268250520083C186 /* PhotoAPI.swift */; };
		8F39A5FB268264C80083C186 /* SearchPresenter.swift in Sources */ = {isa = PBXBuildFile; fileRef = 8F39A5FA268264C80083C186 /* SearchPresenter.swift */; };
/* End PBXBuildFile section */

/* Begin PBXFileReference section */
		565F4897F73D99F2C2767E7F /* Pods-MVP-PhotoSearch.release.xcconfig */ = {isa = PBXFileReference; includeInIndex = 1; lastKnownFileType = text.xcconfig; name = "Pods-MVP-PhotoSearch.release.xcconfig"; path = "Target Support Files/Pods-MVP-PhotoSearch/Pods-MVP-PhotoSearch.release.xcconfig"; sourceTree = "<group>"; };
		8F39A5D02681A1420083C186 /* MVP-PhotoSearch.app */ = {isa = PBXFileReference; explicitFileType = wrapper.application; includeInIndex = 0; path = "MVP-PhotoSearch.app"; sourceTree = BUILT_PRODUCTS_DIR; };
		8F39A5D32681A1420083C186 /* AppDelegate.swift */ = {isa = PBXFileReference; lastKnownFileType = sourcecode.swift; path = AppDelegate.swift; sourceTree = "<group>"; };
		8F39A5DC2681A1440083C186 /* Assets.xcassets */ = {isa = PBXFileReference; lastKnownFileType = folder.assetcatalog; path = Assets.xcassets; sourceTree = "<group>"; };
		8F39A5DF2681A1440083C186 /* Base */ = {isa = PBXFileReference; lastKnownFileType = file.storyboard; name = Base; path = Base.lproj/LaunchScreen.storyboard; sourceTree = "<group>"; };
		8F39A5E12681A1440083C186 /* Info.plist */ = {isa = PBXFileReference; lastKnownFileType = text.plist.xml; path = Info.plist; sourceTree = "<group>"; };
		8F39A5E72681A2C80083C186 /* SearchPhotoViewController.swift */ = {isa = PBXFileReference; lastKnownFileType = sourcecode.swift; path = SearchPhotoViewController.swift; sourceTree = "<group>"; };
		8F39A5E92681A2DC0083C186 /* SearchPhoto.storyboard */ = {isa = PBXFileReference; lastKnownFileType = file.storyboard; path = SearchPhoto.storyboard; sourceTree = "<group>"; };
		8F39A5EE2681B34D0083C186 /* PhotoCollectionViewCell.swift */ = {isa = PBXFileReference; lastKnownFileType = sourcecode.swift; path = PhotoCollectionViewCell.swift; sourceTree = "<group>"; };
		8F39A5EF2681B34D0083C186 /* PhotoCollectionViewCell.xib */ = {isa = PBXFileReference; lastKnownFileType = file.xib; path = PhotoCollectionViewCell.xib; sourceTree = "<group>"; };
		8F39A5F326823E7D0083C186 /* PhotoModel.swift */ = {isa = PBXFileReference; lastKnownFileType = sourcecode.swift; path = PhotoModel.swift; sourceTree = "<group>"; };
		8F39A5F5268242C40083C186 /* Router.swift */ = {isa = PBXFileReference; lastKnownFileType = sourcecode.swift; path = Router.swift; sourceTree = "<group>"; };
		8F39A5F7268250520083C186 /* PhotoAPI.swift */ = {isa = PBXFileReference; lastKnownFileType = sourcecode.swift; path = PhotoAPI.swift; sourceTree = "<group>"; };
		8F39A5FA268264C80083C186 /* SearchPresenter.swift */ = {isa = PBXFileReference; lastKnownFileType = sourcecode.swift; path = SearchPresenter.swift; sourceTree = "<group>"; };
		AB1619C33488D1B08DBBE642 /* Pods_MVP_PhotoSearch.framework */ = {isa = PBXFileReference; explicitFileType = wrapper.framework; includeInIndex = 0; path = Pods_MVP_PhotoSearch.framework; sourceTree = BUILT_PRODUCTS_DIR; };
		EC444B11717352B984D1ECB1 /* Pods-MVP-PhotoSearch.debug.xcconfig */ = {isa = PBXFileReference; includeInIndex = 1; lastKnownFileType = text.xcconfig; name = "Pods-MVP-PhotoSearch.debug.xcconfig"; path = "Target Support Files/Pods-MVP-PhotoSearch/Pods-MVP-PhotoSearch.debug.xcconfig"; sourceTree = "<group>"; };
/* End PBXFileReference section */

/* Begin PBXFrameworksBuildPhase section */
		8F39A5CD2681A1420083C186 /* Frameworks */ = {
			isa = PBXFrameworksBuildPhase;
			buildActionMask = 2147483647;
			files = (
				88C4F8E734C4AF5AAEA31D8A /* Pods_MVP_PhotoSearch.framework in Frameworks */,
			);
			runOnlyForDeploymentPostprocessing = 0;
		};
/* End PBXFrameworksBuildPhase section */

/* Begin PBXGroup section */
		63C0C4BA1445BE9F7C1A27C6 /* Frameworks */ = {
			isa = PBXGroup;
			children = (
				AB1619C33488D1B08DBBE642 /* Pods_MVP_PhotoSearch.framework */,
			);
			name = Frameworks;
			sourceTree = "<group>";
		};
		733FCD2E79C028268C668B42 /* Pods */ = {
			isa = PBXGroup;
			children = (
				EC444B11717352B984D1ECB1 /* Pods-MVP-PhotoSearch.debug.xcconfig */,
				565F4897F73D99F2C2767E7F /* Pods-MVP-PhotoSearch.release.xcconfig */,
			);
			path = Pods;
			sourceTree = "<group>";
		};
		8F39A5C72681A1420083C186 = {
			isa = PBXGroup;
			children = (
				8F39A5D22681A1420083C186 /* MVP-PhotoSearch */,
				8F39A5D12681A1420083C186 /* Products */,
				733FCD2E79C028268C668B42 /* Pods */,
				63C0C4BA1445BE9F7C1A27C6 /* Frameworks */,
			);
			sourceTree = "<group>";
		};
		8F39A5D12681A1420083C186 /* Products */ = {
			isa = PBXGroup;
			children = (
				8F39A5D02681A1420083C186 /* MVP-PhotoSearch.app */,
			);
			name = Products;
			sourceTree = "<group>";
		};
		8F39A5D22681A1420083C186 /* MVP-PhotoSearch */ = {
			isa = PBXGroup;
			children = (
				8F39A5D32681A1420083C186 /* AppDelegate.swift */,
				8F39A5F5268242C40083C186 /* Router.swift */,
				8F39A5FC2682DD460083C186 /* API */,
				8F39A5F226823E690083C186 /* Model */,
				8F39A5F92682646E0083C186 /* Presenter */,
				8F39A5ED2681B2650083C186 /* View */,
				8F39A5EC2681A4580083C186 /* ViewController */,
				8F39A5DC2681A1440083C186 /* Assets.xcassets */,
				8F39A5DE2681A1440083C186 /* LaunchScreen.storyboard */,
				8F39A5E12681A1440083C186 /* Info.plist */,
			);
			path = "MVP-PhotoSearch";
			sourceTree = "<group>";
		};
		8F39A5EC2681A4580083C186 /* ViewController */ = {
			isa = PBXGroup;
			children = (
				8F39A5E72681A2C80083C186 /* SearchPhotoViewController.swift */,
				8F39A5E92681A2DC0083C186 /* SearchPhoto.storyboard */,
			);
			path = ViewController;
			sourceTree = "<group>";
		};
		8F39A5ED2681B2650083C186 /* View */ = {
			isa = PBXGroup;
			children = (
				8F39A5EE2681B34D0083C186 /* PhotoCollectionViewCell.swift */,
				8F39A5EF2681B34D0083C186 /* PhotoCollectionViewCell.xib */,
			);
			path = View;
			sourceTree = "<group>";
		};
		8F39A5F226823E690083C186 /* Model */ = {
			isa = PBXGroup;
			children = (
				8F39A5F326823E7D0083C186 /* PhotoModel.swift */,
			);
			path = Model;
			sourceTree = "<group>";
		};
		8F39A5F92682646E0083C186 /* Presenter */ = {
			isa = PBXGroup;
			children = (
				8F39A5FA268264C80083C186 /* SearchPresenter.swift */,
			);
			path = Presenter;
			sourceTree = "<group>";
		};
		8F39A5FC2682DD460083C186 /* API */ = {
			isa = PBXGroup;
			children = (
				8F39A5F7268250520083C186 /* PhotoAPI.swift */,
			);
			path = API;
			sourceTree = "<group>";
		};
/* End PBXGroup section */

/* Begin PBXNativeTarget section */
		8F39A5CF2681A1420083C186 /* MVP-PhotoSearch */ = {
			isa = PBXNativeTarget;
			buildConfigurationList = 8F39A5E42681A1440083C186 /* Build configuration list for PBXNativeTarget "MVP-PhotoSearch" */;
			buildPhases = (
				90C561F25019A869A493176C /* [CP] Check Pods Manifest.lock */,
				8F39A5CC2681A1420083C186 /* Sources */,
				8F39A5CD2681A1420083C186 /* Frameworks */,
				8F39A5CE2681A1420083C186 /* Resources */,
				64D7C33104F1E1E90F5CF9D9 /* [CP] Embed Pods Frameworks */,
			);
			buildRules = (
			);
			dependencies = (
			);
			name = "MVP-PhotoSearch";
			productName = "MVP-PhotoSearch";
			productReference = 8F39A5D02681A1420083C186 /* MVP-PhotoSearch.app */;
			productType = "com.apple.product-type.application";
		};
/* End PBXNativeTarget section */

/* Begin PBXProject section */
		8F39A5C82681A1420083C186 /* Project object */ = {
			isa = PBXProject;
			attributes = {
				LastSwiftUpdateCheck = 1250;
				LastUpgradeCheck = 1250;
				TargetAttributes = {
					8F39A5CF2681A1420083C186 = {
						CreatedOnToolsVersion = 12.5;
					};
				};
			};
			buildConfigurationList = 8F39A5CB2681A1420083C186 /* Build configuration list for PBXProject "MVP-PhotoSearch" */;
			compatibilityVersion = "Xcode 9.3";
			developmentRegion = en;
			hasScannedForEncodings = 0;
			knownRegions = (
				en,
				Base,
			);
			mainGroup = 8F39A5C72681A1420083C186;
			productRefGroup = 8F39A5D12681A1420083C186 /* Products */;
			projectDirPath = "";
			projectRoot = "";
			targets = (
				8F39A5CF2681A1420083C186 /* MVP-PhotoSearch */,
			);
		};
/* End PBXProject section */

/* Begin PBXResourcesBuildPhase section */
		8F39A5CE2681A1420083C186 /* Resources */ = {
			isa = PBXResourcesBuildPhase;
			buildActionMask = 2147483647;
			files = (
				8F39A5E02681A1440083C186 /* LaunchScreen.storyboard in Resources */,
				8F39A5F12681B34D0083C186 /* PhotoCollectionViewCell.xib in Resources */,
				8F39A5EA2681A2DC0083C186 /* SearchPhoto.storyboard in Resources */,
				8F39A5DD2681A1440083C186 /* Assets.xcassets in Resources */,
			);
			runOnlyForDeploymentPostprocessing = 0;
		};
/* End PBXResourcesBuildPhase section */

/* Begin PBXShellScriptBuildPhase section */
		64D7C33104F1E1E90F5CF9D9 /* [CP] Embed Pods Frameworks */ = {
			isa = PBXShellScriptBuildPhase;
			buildActionMask = 2147483647;
			files = (
			);
			inputFileListPaths = (
				"${PODS_ROOT}/Target Support Files/Pods-MVP-PhotoSearch/Pods-MVP-PhotoSearch-frameworks-${CONFIGURATION}-input-files.xcfilelist",
			);
			name = "[CP] Embed Pods Frameworks";
			outputFileListPaths = (
				"${PODS_ROOT}/Target Support Files/Pods-MVP-PhotoSearch/Pods-MVP-PhotoSearch-frameworks-${CONFIGURATION}-output-files.xcfilelist",
			);
			runOnlyForDeploymentPostprocessing = 0;
			shellPath = /bin/sh;
			shellScript = "\"${PODS_ROOT}/Target Support Files/Pods-MVP-PhotoSearch/Pods-MVP-PhotoSearch-frameworks.sh\"\n";
			showEnvVarsInLog = 0;
		};
		90C561F25019A869A493176C /* [CP] Check Pods Manifest.lock */ = {
			isa = PBXShellScriptBuildPhase;
			buildActionMask = 2147483647;
			files = (
			);
			inputFileListPaths = (
			);
			inputPaths = (
				"${PODS_PODFILE_DIR_PATH}/Podfile.lock",
				"${PODS_ROOT}/Manifest.lock",
			);
			name = "[CP] Check Pods Manifest.lock";
			outputFileListPaths = (
			);
			outputPaths = (
				"$(DERIVED_FILE_DIR)/Pods-MVP-PhotoSearch-checkManifestLockResult.txt",
			);
			runOnlyForDeploymentPostprocessing = 0;
			shellPath = /bin/sh;
			shellScript = "diff \"${PODS_PODFILE_DIR_PATH}/Podfile.lock\" \"${PODS_ROOT}/Manifest.lock\" > /dev/null\nif [ $? != 0 ] ; then\n    # print error to STDERR\n    echo \"error: The sandbox is not in sync with the Podfile.lock. Run 'pod install' or update your CocoaPods installation.\" >&2\n    exit 1\nfi\n# This output is used by Xcode 'outputs' to avoid re-running this script phase.\necho \"SUCCESS\" > \"${SCRIPT_OUTPUT_FILE_0}\"\n";
			showEnvVarsInLog = 0;
		};
/* End PBXShellScriptBuildPhase section */

/* Begin PBXSourcesBuildPhase section */
		8F39A5CC2681A1420083C186 /* Sources */ = {
			isa = PBXSourcesBuildPhase;
			buildActionMask = 2147483647;
			files = (
				8F39A5D42681A1420083C186 /* AppDelegate.swift in Sources */,
				8F39A5E82681A2C80083C186 /* SearchPhotoViewController.swift in Sources */,
				8F39A5F6268242C40083C186 /* Router.swift in Sources */,
				8F39A5F426823E7D0083C186 /* PhotoModel.swift in Sources */,
				8F39A5F02681B34D0083C186 /* PhotoCollectionViewCell.swift in Sources */,
				8F39A5F8268250520083C186 /* PhotoAPI.swift in Sources */,
				8F39A5FB268264C80083C186 /* SearchPresenter.swift in Sources */,
			);
			runOnlyForDeploymentPostprocessing = 0;
		};
/* End PBXSourcesBuildPhase section */

/* Begin PBXVariantGroup section */
		8F39A5DE2681A1440083C186 /* LaunchScreen.storyboard */ = {
			isa = PBXVariantGroup;
			children = (
				8F39A5DF2681A1440083C186 /* Base */,
			);
			name = LaunchScreen.storyboard;
			sourceTree = "<group>";
		};
/* End PBXVariantGroup section */

/* Begin XCBuildConfiguration section */
		8F39A5E22681A1440083C186 /* Debug */ = {
			isa = XCBuildConfiguration;
			buildSettings = {
				ALWAYS_SEARCH_USER_PATHS = NO;
				CLANG_ANALYZER_NONNULL = YES;
				CLANG_ANALYZER_NUMBER_OBJECT_CONVERSION = YES_AGGRESSIVE;
				CLANG_CXX_LANGUAGE_STANDARD = "gnu++14";
				CLANG_CXX_LIBRARY = "libc++";
				CLANG_ENABLE_MODULES = YES;
				CLANG_ENABLE_OBJC_ARC = YES;
				CLANG_ENABLE_OBJC_WEAK = YES;
				CLANG_WARN_BLOCK_CAPTURE_AUTORELEASING = YES;
				CLANG_WARN_BOOL_CONVERSION = YES;
				CLANG_WARN_COMMA = YES;
				CLANG_WARN_CONSTANT_CONVERSION = YES;
				CLANG_WARN_DEPRECATED_OBJC_IMPLEMENTATIONS = YES;
				CLANG_WARN_DIRECT_OBJC_ISA_USAGE = YES_ERROR;
				CLANG_WARN_DOCUMENTATION_COMMENTS = YES;
				CLANG_WARN_EMPTY_BODY = YES;
				CLANG_WARN_ENUM_CONVERSION = YES;
				CLANG_WARN_INFINITE_RECURSION = YES;
				CLANG_WARN_INT_CONVERSION = YES;
				CLANG_WARN_NON_LITERAL_NULL_CONVERSION = YES;
				CLANG_WARN_OBJC_IMPLICIT_RETAIN_SELF = YES;
				CLANG_WARN_OBJC_LITERAL_CONVERSION = YES;
				CLANG_WARN_OBJC_ROOT_CLASS = YES_ERROR;
				CLANG_WARN_QUOTED_INCLUDE_IN_FRAMEWORK_HEADER = YES;
				CLANG_WARN_RANGE_LOOP_ANALYSIS = YES;
				CLANG_WARN_STRICT_PROTOTYPES = YES;
				CLANG_WARN_SUSPICIOUS_MOVE = YES;
				CLANG_WARN_UNGUARDED_AVAILABILITY = YES_AGGRESSIVE;
				CLANG_WARN_UNREACHABLE_CODE = YES;
				CLANG_WARN__DUPLICATE_METHOD_MATCH = YES;
				COPY_PHASE_STRIP = NO;
				DEBUG_INFORMATION_FORMAT = dwarf;
				ENABLE_STRICT_OBJC_MSGSEND = YES;
				ENABLE_TESTABILITY = YES;
				GCC_C_LANGUAGE_STANDARD = gnu11;
				GCC_DYNAMIC_NO_PIC = NO;
				GCC_NO_COMMON_BLOCKS = YES;
				GCC_OPTIMIZATION_LEVEL = 0;
				GCC_PREPROCESSOR_DEFINITIONS = (
					"DEBUG=1",
					"$(inherited)",
				);
				GCC_WARN_64_TO_32_BIT_CONVERSION = YES;
				GCC_WARN_ABOUT_RETURN_TYPE = YES_ERROR;
				GCC_WARN_UNDECLARED_SELECTOR = YES;
				GCC_WARN_UNINITIALIZED_AUTOS = YES_AGGRESSIVE;
				GCC_WARN_UNUSED_FUNCTION = YES;
				GCC_WARN_UNUSED_VARIABLE = YES;
				IPHONEOS_DEPLOYMENT_TARGET = 14.5;
				MTL_ENABLE_DEBUG_INFO = INCLUDE_SOURCE;
				MTL_FAST_MATH = YES;
				ONLY_ACTIVE_ARCH = YES;
				SDKROOT = iphoneos;
				SWIFT_ACTIVE_COMPILATION_CONDITIONS = DEBUG;
				SWIFT_OPTIMIZATION_LEVEL = "-Onone";
			};
			name = Debug;
		};
		8F39A5E32681A1440083C186 /* Release */ = {
			isa = XCBuildConfiguration;
			buildSettings = {
				ALWAYS_SEARCH_USER_PATHS = NO;
				CLANG_ANALYZER_NONNULL = YES;
				CLANG_ANALYZER_NUMBER_OBJECT_CONVERSION = YES_AGGRESSIVE;
				CLANG_CXX_LANGUAGE_STANDARD = "gnu++14";
				CLANG_CXX_LIBRARY = "libc++";
				CLANG_ENABLE_MODULES = YES;
				CLANG_ENABLE_OBJC_ARC = YES;
				CLANG_ENABLE_OBJC_WEAK = YES;
				CLANG_WARN_BLOCK_CAPTURE_AUTORELEASING = YES;
				CLANG_WARN_BOOL_CONVERSION = YES;
				CLANG_WARN_COMMA = YES;
				CLANG_WARN_CONSTANT_CONVERSION = YES;
				CLANG_WARN_DEPRECATED_OBJC_IMPLEMENTATIONS = YES;
				CLANG_WARN_DIRECT_OBJC_ISA_USAGE = YES_ERROR;
				CLANG_WARN_DOCUMENTATION_COMMENTS = YES;
				CLANG_WARN_EMPTY_BODY = YES;
				CLANG_WARN_ENUM_CONVERSION = YES;
				CLANG_WARN_INFINITE_RECURSION = YES;
				CLANG_WARN_INT_CONVERSION = YES;
				CLANG_WARN_NON_LITERAL_NULL_CONVERSION = YES;
				CLANG_WARN_OBJC_IMPLICIT_RETAIN_SELF = YES;
				CLANG_WARN_OBJC_LITERAL_CONVERSION = YES;
				CLANG_WARN_OBJC_ROOT_CLASS = YES_ERROR;
				CLANG_WARN_QUOTED_INCLUDE_IN_FRAMEWORK_HEADER = YES;
				CLANG_WARN_RANGE_LOOP_ANALYSIS = YES;
				CLANG_WARN_STRICT_PROTOTYPES = YES;
				CLANG_WARN_SUSPICIOUS_MOVE = YES;
				CLANG_WARN_UNGUARDED_AVAILABILITY = YES_AGGRESSIVE;
				CLANG_WARN_UNREACHABLE_CODE = YES;
				CLANG_WARN__DUPLICATE_METHOD_MATCH = YES;
				COPY_PHASE_STRIP = NO;
				DEBUG_INFORMATION_FORMAT = "dwarf-with-dsym";
				ENABLE_NS_ASSERTIONS = NO;
				ENABLE_STRICT_OBJC_MSGSEND = YES;
				GCC_C_LANGUAGE_STANDARD = gnu11;
				GCC_NO_COMMON_BLOCKS = YES;
				GCC_WARN_64_TO_32_BIT_CONVERSION = YES;
				GCC_WARN_ABOUT_RETURN_TYPE = YES_ERROR;
				GCC_WARN_UNDECLARED_SELECTOR = YES;
				GCC_WARN_UNINITIALIZED_AUTOS = YES_AGGRESSIVE;
				GCC_WARN_UNUSED_FUNCTION = YES;
				GCC_WARN_UNUSED_VARIABLE = YES;
				IPHONEOS_DEPLOYMENT_TARGET = 14.5;
				MTL_ENABLE_DEBUG_INFO = NO;
				MTL_FAST_MATH = YES;
				SDKROOT = iphoneos;
				SWIFT_COMPILATION_MODE = wholemodule;
				SWIFT_OPTIMIZATION_LEVEL = "-O";
				VALIDATE_PRODUCT = YES;
			};
			name = Release;
		};
		8F39A5E52681A1440083C186 /* Debug */ = {
			isa = XCBuildConfiguration;
			baseConfigurationReference = EC444B11717352B984D1ECB1 /* Pods-MVP-PhotoSearch.debug.xcconfig */;
			buildSettings = {
				ASSETCATALOG_COMPILER_APPICON_NAME = AppIcon;
				ASSETCATALOG_COMPILER_GLOBAL_ACCENT_COLOR_NAME = AccentColor;
				CODE_SIGN_STYLE = Automatic;
				DEVELOPMENT_TEAM = SSGBNU5TXB;
				INFOPLIST_FILE = "MVP-PhotoSearch/Info.plist";
				IPHONEOS_DEPLOYMENT_TARGET = 13.0;
				LD_RUNPATH_SEARCH_PATHS = (
					"$(inherited)",
					"@executable_path/Frameworks",
				);
				PRODUCT_BUNDLE_IDENTIFIER = "kudpig.MVP-PhotoSearch";
				PRODUCT_NAME = "$(TARGET_NAME)";
				SWIFT_VERSION = 5.0;
				TARGETED_DEVICE_FAMILY = "1,2";
			};
			name = Debug;
		};
		8F39A5E62681A1440083C186 /* Release */ = {
			isa = XCBuildConfiguration;
			baseConfigurationReference = 565F4897F73D99F2C2767E7F /* Pods-MVP-PhotoSearch.release.xcconfig */;
			buildSettings = {
				ASSETCATALOG_COMPILER_APPICON_NAME = AppIcon;
				ASSETCATALOG_COMPILER_GLOBAL_ACCENT_COLOR_NAME = AccentColor;
				CODE_SIGN_STYLE = Automatic;
				DEVELOPMENT_TEAM = SSGBNU5TXB;
				INFOPLIST_FILE = "MVP-PhotoSearch/Info.plist";
				IPHONEOS_DEPLOYMENT_TARGET = 13.0;
				LD_RUNPATH_SEARCH_PATHS = (
					"$(inherited)",
					"@executable_path/Frameworks",
				);
				PRODUCT_BUNDLE_IDENTIFIER = "kudpig.MVP-PhotoSearch";
				PRODUCT_NAME = "$(TARGET_NAME)";
				SWIFT_VERSION = 5.0;
				TARGETED_DEVICE_FAMILY = "1,2";
			};
			name = Release;
		};
/* End XCBuildConfiguration section */

/* Begin XCConfigurationList section */
		8F39A5CB2681A1420083C186 /* Build configuration list for PBXProject "MVP-PhotoSearch" */ = {
			isa = XCConfigurationList;
			buildConfigurations = (
				8F39A5E22681A1440083C186 /* Debug */,
				8F39A5E32681A1440083C186 /* Release */,
			);
			defaultConfigurationIsVisible = 0;
			defaultConfigurationName = Release;
		};
		8F39A5E42681A1440083C186 /* Build configuration list for PBXNativeTarget "MVP-PhotoSearch" */ = {
			isa = XCConfigurationList;
			buildConfigurations = (
				8F39A5E52681A1440083C186 /* Debug */,
				8F39A5E62681A1440083C186 /* Release */,
			);
			defaultConfigurationIsVisible = 0;
			defaultConfigurationName = Release;
		};
/* End XCConfigurationList section */
	};
	rootObject = 8F39A5C82681A1420083C186 /* Project object */;
}
